
Microsoft Visual Studio Solution File, Format Version 12.00
# Visual Studio Version 16
VisualStudioVersion = 16.0.30804.86
MinimumVisualStudioVersion = 10.0.40219.1
Project("{FAE04EC0-301F-11D3-BF4B-00C04F79EFBC}") = "CRUDMToM", "CRUDMToM.csproj", "{973FE1DF-3FE7-4384-BD18-703B0CAE674E}"
EndProject
Global
	GlobalSection(SolutionConfigurationPlatforms) = preSolution
		Debug|Any CPU = Debug|Any CPU
		Release|Any CPU = Release|Any CPU
	EndGlobalSection
	GlobalSection(ProjectConfigurationPlatforms) = postSolution
		{973FE1DF-3FE7-4384-BD18-703B0CAE674E}.Debug|Any CPU.ActiveCfg = Debug|Any CPU
		{973FE1DF-3FE7-4384-BD18-703B0CAE674E}.Debug|Any CPU.Build.0 = Debug|Any CPU
		{973FE1DF-3FE7-4384-BD18-703B0CAE674E}.Release|Any CPU.ActiveCfg = Release|Any CPU
		{973FE1DF-3FE7-4384-BD18-703B0CAE674E}.Release|Any CPU.Build.0 = Release|Any CPU
	EndGlobalSection
	GlobalSection(SolutionProperties) = preSolution
		HideSolutionNode = FALSE
	EndGlobalSection
	GlobalSection(ExtensibilityGlobals) = postSolution
		SolutionGuid = {9C50CC3F-92FB-449F-9B0D-C77DC9B9DF04}
	EndGlobalSection
EndGlobal
